
Microsoft Visual Studio Solution File, Format Version 12.00
# Visual Studio Version 16
VisualStudioVersion = 16.0.30021.99
MinimumVisualStudioVersion = 10.0.40219.1
Project("{6EC3EE1D-3C4E-46DD-8F32-0CC8E7565705}") = "FsCNTKTools", "FsCNTKTools\FsCNTKTools.fsproj", "{FD42876D-910E-466D-A0DC-CEFE2CD0E23A}"
EndProject
Global
	GlobalSection(SolutionConfigurationPlatforms) = preSolution
		Debug|Any CPU = Debug|Any CPU
		Release|Any CPU = Release|Any CPU
	EndGlobalSection
	GlobalSection(ProjectConfigurationPlatforms) = postSolution
		{FD42876D-910E-466D-A0DC-CEFE2CD0E23A}.Debug|Any CPU.ActiveCfg = Debug|Any CPU
		{FD42876D-910E-466D-A0DC-CEFE2CD0E23A}.Debug|Any CPU.Build.0 = Debug|Any CPU
		{FD42876D-910E-466D-A0DC-CEFE2CD0E23A}.Release|Any CPU.ActiveCfg = Release|Any CPU
		{FD42876D-910E-466D-A0DC-CEFE2CD0E23A}.Release|Any CPU.Build.0 = Release|Any CPU
	EndGlobalSection
	GlobalSection(SolutionProperties) = preSolution
		HideSolutionNode = FALSE
	EndGlobalSection
	GlobalSection(ExtensibilityGlobals) = postSolution
		SolutionGuid = {BC0377BA-3F5C-4850-B209-60E833973988}
	EndGlobalSection
EndGlobal
