
Microsoft Visual Studio Solution File, Format Version 12.00
# Visual Studio 15
VisualStudioVersion = 15.0.27130.2036
MinimumVisualStudioVersion = 10.0.40219.1
Project("{F2A71F9B-5D33-465A-A702-920D77279786}") = "FsCNTKTools", "FsCNTKTools\FsCNTKTools.fsproj", "{3C8E3F9F-E952-412B-8159-AF03F90307B7}"
EndProject
Global
	GlobalSection(SolutionConfigurationPlatforms) = preSolution
		Debug|Any CPU = Debug|Any CPU
		Release|Any CPU = Release|Any CPU
	EndGlobalSection
	GlobalSection(ProjectConfigurationPlatforms) = postSolution
		{3C8E3F9F-E952-412B-8159-AF03F90307B7}.Debug|Any CPU.ActiveCfg = Debug|Any CPU
		{3C8E3F9F-E952-412B-8159-AF03F90307B7}.Debug|Any CPU.Build.0 = Debug|Any CPU
		{3C8E3F9F-E952-412B-8159-AF03F90307B7}.Release|Any CPU.ActiveCfg = Release|Any CPU
		{3C8E3F9F-E952-412B-8159-AF03F90307B7}.Release|Any CPU.Build.0 = Release|Any CPU
	EndGlobalSection
	GlobalSection(SolutionProperties) = preSolution
		HideSolutionNode = FALSE
	EndGlobalSection
	GlobalSection(ExtensibilityGlobals) = postSolution
		SolutionGuid = {BC0377BA-3F5C-4850-B209-60E833973988}
	EndGlobalSection
EndGlobal
